
Microsoft Visual Studio Solution File, Format Version 12.00
# Visual Studio Version 16
VisualStudioVersion = 16.0.29503.13
MinimumVisualStudioVersion = 10.0.40219.1
Project("{FAE04EC0-301F-11D3-BF4B-00C04F79EFBC}") = "Rail", "Rail\Rail.csproj", "{347945C0-F7F8-49F9-AA2F-7436AA5B9F0A}"
EndProject
Global
	GlobalSection(SolutionConfigurationPlatforms) = preSolution
		Debug|Any CPU = Debug|Any CPU
		Debug|Mixed Platforms = Debug|Mixed Platforms
		Debug|Win32 = Debug|Win32
		Debug|x64 = Debug|x64
		Release|Any CPU = Release|Any CPU
		Release|Mixed Platforms = Release|Mixed Platforms
		Release|Win32 = Release|Win32
		Release|x64 = Release|x64
	EndGlobalSection
	GlobalSection(ProjectConfigurationPlatforms) = postSolution
		{347945C0-F7F8-49F9-AA2F-7436AA5B9F0A}.Debug|Any CPU.ActiveCfg = Debug|Any CPU
		{347945C0-F7F8-49F9-AA2F-7436AA5B9F0A}.Debug|Any CPU.Build.0 = Debug|Any CPU
		{347945C0-F7F8-49F9-AA2F-7436AA5B9F0A}.Debug|Mixed Platforms.ActiveCfg = Debug|Any CPU
		{347945C0-F7F8-49F9-AA2F-7436AA5B9F0A}.Debug|Mixed Platforms.Build.0 = Debug|Any CPU
		{347945C0-F7F8-49F9-AA2F-7436AA5B9F0A}.Debug|Win32.ActiveCfg = Debug|Any CPU
		{347945C0-F7F8-49F9-AA2F-7436AA5B9F0A}.Debug|x64.ActiveCfg = Debug|Any CPU
		{347945C0-F7F8-49F9-AA2F-7436AA5B9F0A}.Debug|x64.Build.0 = Debug|Any CPU
		{347945C0-F7F8-49F9-AA2F-7436AA5B9F0A}.Release|Any CPU.ActiveCfg = Release|Any CPU
		{347945C0-F7F8-49F9-AA2F-7436AA5B9F0A}.Release|Any CPU.Build.0 = Release|Any CPU
		{347945C0-F7F8-49F9-AA2F-7436AA5B9F0A}.Release|Mixed Platforms.ActiveCfg = Release|Any CPU
		{347945C0-F7F8-49F9-AA2F-7436AA5B9F0A}.Release|Mixed Platforms.Build.0 = Release|Any CPU
		{347945C0-F7F8-49F9-AA2F-7436AA5B9F0A}.Release|Win32.ActiveCfg = Release|Any CPU
		{347945C0-F7F8-49F9-AA2F-7436AA5B9F0A}.Release|x64.ActiveCfg = Release|Any CPU
		{347945C0-F7F8-49F9-AA2F-7436AA5B9F0A}.Release|x64.Build.0 = Release|Any CPU
	EndGlobalSection
	GlobalSection(SolutionProperties) = preSolution
		HideSolutionNode = FALSE
	EndGlobalSection
	GlobalSection(ExtensibilityGlobals) = postSolution
		SolutionGuid = {77649D10-FE54-4AE5-AA5A-6B907D2E26BD}
	EndGlobalSection
EndGlobal
