
Microsoft Visual Studio Solution File, Format Version 12.00
# Visual Studio Version 16
VisualStudioVersion = 16.0.29503.13
MinimumVisualStudioVersion = 10.0.40219.1
Project("{9A19103F-16F7-4668-BE54-9A1E7A4F7556}") = "Rail", "Rail\Rail.csproj", "{347945C0-F7F8-49F9-AA2F-7436AA5B9F0A}"
EndProject
Project("{9A19103F-16F7-4668-BE54-9A1E7A4F7556}") = "RailTest", "RailTest\RailTest.csproj", "{7930A029-7F35-4EDA-A67C-49A6DAA7954B}"
EndProject
Project("{930C7802-8A8C-48F9-8165-68863BCCD9DD}") = "Rail.Installer", "Rail.Installer\Rail.Installer.wixproj", "{7001A624-65AB-49C2-829B-9CD39FD49AE3}"
EndProject
Project("{7CF6DF6D-3B04-46F8-A40B-537D21BCA0B4}") = "Rail.Documentation", "Rail.Documentation\Rail.Documentation.shfbproj", "{3C98CBEF-3EFA-480F-A631-3256AE3F3D77}"
EndProject
Global
	GlobalSection(SolutionConfigurationPlatforms) = preSolution
		Debug|Any CPU = Debug|Any CPU
		Debug|x64 = Debug|x64
		Debug|x86 = Debug|x86
		DebugInfo|Any CPU = DebugInfo|Any CPU
		DebugInfo|x64 = DebugInfo|x64
		DebugInfo|x86 = DebugInfo|x86
		Release|Any CPU = Release|Any CPU
		Release|x64 = Release|x64
		Release|x86 = Release|x86
	EndGlobalSection
	GlobalSection(ProjectConfigurationPlatforms) = postSolution
		{347945C0-F7F8-49F9-AA2F-7436AA5B9F0A}.Debug|Any CPU.ActiveCfg = Debug|Any CPU
		{347945C0-F7F8-49F9-AA2F-7436AA5B9F0A}.Debug|Any CPU.Build.0 = Debug|Any CPU
		{347945C0-F7F8-49F9-AA2F-7436AA5B9F0A}.Debug|x64.ActiveCfg = Debug|Any CPU
		{347945C0-F7F8-49F9-AA2F-7436AA5B9F0A}.Debug|x64.Build.0 = Debug|Any CPU
		{347945C0-F7F8-49F9-AA2F-7436AA5B9F0A}.Debug|x86.ActiveCfg = Debug|Any CPU
		{347945C0-F7F8-49F9-AA2F-7436AA5B9F0A}.Debug|x86.Build.0 = Debug|Any CPU
		{347945C0-F7F8-49F9-AA2F-7436AA5B9F0A}.DebugInfo|Any CPU.ActiveCfg = DebugInfo|Any CPU
		{347945C0-F7F8-49F9-AA2F-7436AA5B9F0A}.DebugInfo|Any CPU.Build.0 = DebugInfo|Any CPU
		{347945C0-F7F8-49F9-AA2F-7436AA5B9F0A}.DebugInfo|x64.ActiveCfg = DebugInfo|Any CPU
		{347945C0-F7F8-49F9-AA2F-7436AA5B9F0A}.DebugInfo|x64.Build.0 = DebugInfo|Any CPU
		{347945C0-F7F8-49F9-AA2F-7436AA5B9F0A}.DebugInfo|x86.ActiveCfg = DebugInfo|Any CPU
		{347945C0-F7F8-49F9-AA2F-7436AA5B9F0A}.DebugInfo|x86.Build.0 = DebugInfo|Any CPU
		{347945C0-F7F8-49F9-AA2F-7436AA5B9F0A}.Release|Any CPU.ActiveCfg = Release|Any CPU
		{347945C0-F7F8-49F9-AA2F-7436AA5B9F0A}.Release|Any CPU.Build.0 = Release|Any CPU
		{347945C0-F7F8-49F9-AA2F-7436AA5B9F0A}.Release|x64.ActiveCfg = Release|Any CPU
		{347945C0-F7F8-49F9-AA2F-7436AA5B9F0A}.Release|x64.Build.0 = Release|Any CPU
		{347945C0-F7F8-49F9-AA2F-7436AA5B9F0A}.Release|x86.ActiveCfg = Release|Any CPU
		{347945C0-F7F8-49F9-AA2F-7436AA5B9F0A}.Release|x86.Build.0 = Release|Any CPU
		{7930A029-7F35-4EDA-A67C-49A6DAA7954B}.Debug|Any CPU.ActiveCfg = Debug|Any CPU
		{7930A029-7F35-4EDA-A67C-49A6DAA7954B}.Debug|Any CPU.Build.0 = Debug|Any CPU
		{7930A029-7F35-4EDA-A67C-49A6DAA7954B}.Debug|x64.ActiveCfg = Debug|Any CPU
		{7930A029-7F35-4EDA-A67C-49A6DAA7954B}.Debug|x64.Build.0 = Debug|Any CPU
		{7930A029-7F35-4EDA-A67C-49A6DAA7954B}.Debug|x86.ActiveCfg = Debug|Any CPU
		{7930A029-7F35-4EDA-A67C-49A6DAA7954B}.Debug|x86.Build.0 = Debug|Any CPU
		{7930A029-7F35-4EDA-A67C-49A6DAA7954B}.DebugInfo|Any CPU.ActiveCfg = Debug|Any CPU
		{7930A029-7F35-4EDA-A67C-49A6DAA7954B}.DebugInfo|Any CPU.Build.0 = Debug|Any CPU
		{7930A029-7F35-4EDA-A67C-49A6DAA7954B}.DebugInfo|x64.ActiveCfg = Debug|Any CPU
		{7930A029-7F35-4EDA-A67C-49A6DAA7954B}.DebugInfo|x64.Build.0 = Debug|Any CPU
		{7930A029-7F35-4EDA-A67C-49A6DAA7954B}.DebugInfo|x86.ActiveCfg = Debug|Any CPU
		{7930A029-7F35-4EDA-A67C-49A6DAA7954B}.DebugInfo|x86.Build.0 = Debug|Any CPU
		{7930A029-7F35-4EDA-A67C-49A6DAA7954B}.Release|Any CPU.ActiveCfg = Release|Any CPU
		{7930A029-7F35-4EDA-A67C-49A6DAA7954B}.Release|Any CPU.Build.0 = Release|Any CPU
		{7930A029-7F35-4EDA-A67C-49A6DAA7954B}.Release|x64.ActiveCfg = Release|Any CPU
		{7930A029-7F35-4EDA-A67C-49A6DAA7954B}.Release|x64.Build.0 = Release|Any CPU
		{7930A029-7F35-4EDA-A67C-49A6DAA7954B}.Release|x86.ActiveCfg = Release|Any CPU
		{7930A029-7F35-4EDA-A67C-49A6DAA7954B}.Release|x86.Build.0 = Release|Any CPU
		{7001A624-65AB-49C2-829B-9CD39FD49AE3}.Debug|Any CPU.ActiveCfg = Debug|x86
		{7001A624-65AB-49C2-829B-9CD39FD49AE3}.Debug|x64.ActiveCfg = Debug|x64
		{7001A624-65AB-49C2-829B-9CD39FD49AE3}.Debug|x64.Build.0 = Debug|x64
		{7001A624-65AB-49C2-829B-9CD39FD49AE3}.Debug|x86.ActiveCfg = Debug|x86
		{7001A624-65AB-49C2-829B-9CD39FD49AE3}.Debug|x86.Build.0 = Debug|x86
		{7001A624-65AB-49C2-829B-9CD39FD49AE3}.DebugInfo|Any CPU.ActiveCfg = Release|x64
		{7001A624-65AB-49C2-829B-9CD39FD49AE3}.DebugInfo|Any CPU.Build.0 = Release|x64
		{7001A624-65AB-49C2-829B-9CD39FD49AE3}.DebugInfo|x64.ActiveCfg = Debug|x64
		{7001A624-65AB-49C2-829B-9CD39FD49AE3}.DebugInfo|x64.Build.0 = Debug|x64
		{7001A624-65AB-49C2-829B-9CD39FD49AE3}.DebugInfo|x86.ActiveCfg = Debug|x86
		{7001A624-65AB-49C2-829B-9CD39FD49AE3}.DebugInfo|x86.Build.0 = Debug|x86
		{7001A624-65AB-49C2-829B-9CD39FD49AE3}.Release|Any CPU.ActiveCfg = Release|x86
		{7001A624-65AB-49C2-829B-9CD39FD49AE3}.Release|x64.ActiveCfg = Release|x64
		{7001A624-65AB-49C2-829B-9CD39FD49AE3}.Release|x64.Build.0 = Release|x64
		{7001A624-65AB-49C2-829B-9CD39FD49AE3}.Release|x86.ActiveCfg = Release|x86
		{7001A624-65AB-49C2-829B-9CD39FD49AE3}.Release|x86.Build.0 = Release|x86
		{3C98CBEF-3EFA-480F-A631-3256AE3F3D77}.Debug|Any CPU.ActiveCfg = Debug|Any CPU
		{3C98CBEF-3EFA-480F-A631-3256AE3F3D77}.Debug|Any CPU.Build.0 = Debug|Any CPU
		{3C98CBEF-3EFA-480F-A631-3256AE3F3D77}.Debug|x64.ActiveCfg = Debug|Any CPU
		{3C98CBEF-3EFA-480F-A631-3256AE3F3D77}.Debug|x64.Build.0 = Debug|Any CPU
		{3C98CBEF-3EFA-480F-A631-3256AE3F3D77}.Debug|x86.ActiveCfg = Debug|Any CPU
		{3C98CBEF-3EFA-480F-A631-3256AE3F3D77}.Debug|x86.Build.0 = Debug|Any CPU
		{3C98CBEF-3EFA-480F-A631-3256AE3F3D77}.DebugInfo|Any CPU.ActiveCfg = Debug|Any CPU
		{3C98CBEF-3EFA-480F-A631-3256AE3F3D77}.DebugInfo|Any CPU.Build.0 = Debug|Any CPU
		{3C98CBEF-3EFA-480F-A631-3256AE3F3D77}.DebugInfo|x64.ActiveCfg = Debug|Any CPU
		{3C98CBEF-3EFA-480F-A631-3256AE3F3D77}.DebugInfo|x64.Build.0 = Debug|Any CPU
		{3C98CBEF-3EFA-480F-A631-3256AE3F3D77}.DebugInfo|x86.ActiveCfg = Debug|Any CPU
		{3C98CBEF-3EFA-480F-A631-3256AE3F3D77}.DebugInfo|x86.Build.0 = Debug|Any CPU
		{3C98CBEF-3EFA-480F-A631-3256AE3F3D77}.Release|Any CPU.ActiveCfg = Release|Any CPU
		{3C98CBEF-3EFA-480F-A631-3256AE3F3D77}.Release|Any CPU.Build.0 = Release|Any CPU
		{3C98CBEF-3EFA-480F-A631-3256AE3F3D77}.Release|x64.ActiveCfg = Release|Any CPU
		{3C98CBEF-3EFA-480F-A631-3256AE3F3D77}.Release|x64.Build.0 = Release|Any CPU
		{3C98CBEF-3EFA-480F-A631-3256AE3F3D77}.Release|x86.ActiveCfg = Release|Any CPU
		{3C98CBEF-3EFA-480F-A631-3256AE3F3D77}.Release|x86.Build.0 = Release|Any CPU
	EndGlobalSection
	GlobalSection(SolutionProperties) = preSolution
		HideSolutionNode = FALSE
	EndGlobalSection
	GlobalSection(ExtensibilityGlobals) = postSolution
		SolutionGuid = {77649D10-FE54-4AE5-AA5A-6B907D2E26BD}
	EndGlobalSection
EndGlobal
