
Microsoft Visual Studio Solution File, Format Version 12.00
# Visual Studio Version 16
VisualStudioVersion = 16.0.29503.13
MinimumVisualStudioVersion = 10.0.40219.1
Project("{9A19103F-16F7-4668-BE54-9A1E7A4F7556}") = "Rail", "Rail\Rail.csproj", "{347945C0-F7F8-49F9-AA2F-7436AA5B9F0A}"
EndProject
Project("{9A19103F-16F7-4668-BE54-9A1E7A4F7556}") = "RailTest", "RailTest\RailTest.csproj", "{7930A029-7F35-4EDA-A67C-49A6DAA7954B}"
EndProject
Project("{9A19103F-16F7-4668-BE54-9A1E7A4F7556}") = "Rail.TrackEditor", "Rail.TrackEditor\Rail.TrackEditor.csproj", "{1B5C2797-29E9-465E-9597-9F0EC2FD82FD}"
EndProject
Project("{9A19103F-16F7-4668-BE54-9A1E7A4F7556}") = "Rail.Mvvm", "Rail.Mvvm\Rail.Mvvm.csproj", "{920EED0B-2BE5-4915-A88B-2203DB9C43B4}"
EndProject
Project("{9A19103F-16F7-4668-BE54-9A1E7A4F7556}") = "Rail.Tracks", "Rail.Tracks\Rail.Tracks.csproj", "{3E6B6E3D-63DA-4EA7-BFC5-4D9815A2234A}"
EndProject
Global
	GlobalSection(SolutionConfigurationPlatforms) = preSolution
		Debug|Any CPU = Debug|Any CPU
		Debug|x64 = Debug|x64
		Debug|x86 = Debug|x86
		DebugInfo|Any CPU = DebugInfo|Any CPU
		DebugInfo|x64 = DebugInfo|x64
		DebugInfo|x86 = DebugInfo|x86
		Release|Any CPU = Release|Any CPU
		Release|x64 = Release|x64
		Release|x86 = Release|x86
	EndGlobalSection
	GlobalSection(ProjectConfigurationPlatforms) = postSolution
		{347945C0-F7F8-49F9-AA2F-7436AA5B9F0A}.Debug|Any CPU.ActiveCfg = Debug|Any CPU
		{347945C0-F7F8-49F9-AA2F-7436AA5B9F0A}.Debug|Any CPU.Build.0 = Debug|Any CPU
		{347945C0-F7F8-49F9-AA2F-7436AA5B9F0A}.Debug|x64.ActiveCfg = Debug|Any CPU
		{347945C0-F7F8-49F9-AA2F-7436AA5B9F0A}.Debug|x64.Build.0 = Debug|Any CPU
		{347945C0-F7F8-49F9-AA2F-7436AA5B9F0A}.Debug|x86.ActiveCfg = Debug|Any CPU
		{347945C0-F7F8-49F9-AA2F-7436AA5B9F0A}.Debug|x86.Build.0 = Debug|Any CPU
		{347945C0-F7F8-49F9-AA2F-7436AA5B9F0A}.DebugInfo|Any CPU.ActiveCfg = DebugInfo|Any CPU
		{347945C0-F7F8-49F9-AA2F-7436AA5B9F0A}.DebugInfo|Any CPU.Build.0 = DebugInfo|Any CPU
		{347945C0-F7F8-49F9-AA2F-7436AA5B9F0A}.DebugInfo|x64.ActiveCfg = DebugInfo|Any CPU
		{347945C0-F7F8-49F9-AA2F-7436AA5B9F0A}.DebugInfo|x64.Build.0 = DebugInfo|Any CPU
		{347945C0-F7F8-49F9-AA2F-7436AA5B9F0A}.DebugInfo|x86.ActiveCfg = DebugInfo|Any CPU
		{347945C0-F7F8-49F9-AA2F-7436AA5B9F0A}.DebugInfo|x86.Build.0 = DebugInfo|Any CPU
		{347945C0-F7F8-49F9-AA2F-7436AA5B9F0A}.Release|Any CPU.ActiveCfg = Release|Any CPU
		{347945C0-F7F8-49F9-AA2F-7436AA5B9F0A}.Release|Any CPU.Build.0 = Release|Any CPU
		{347945C0-F7F8-49F9-AA2F-7436AA5B9F0A}.Release|x64.ActiveCfg = Release|Any CPU
		{347945C0-F7F8-49F9-AA2F-7436AA5B9F0A}.Release|x64.Build.0 = Release|Any CPU
		{347945C0-F7F8-49F9-AA2F-7436AA5B9F0A}.Release|x86.ActiveCfg = Release|Any CPU
		{347945C0-F7F8-49F9-AA2F-7436AA5B9F0A}.Release|x86.Build.0 = Release|Any CPU
		{7930A029-7F35-4EDA-A67C-49A6DAA7954B}.Debug|Any CPU.ActiveCfg = Debug|Any CPU
		{7930A029-7F35-4EDA-A67C-49A6DAA7954B}.Debug|Any CPU.Build.0 = Debug|Any CPU
		{7930A029-7F35-4EDA-A67C-49A6DAA7954B}.Debug|x64.ActiveCfg = Debug|Any CPU
		{7930A029-7F35-4EDA-A67C-49A6DAA7954B}.Debug|x64.Build.0 = Debug|Any CPU
		{7930A029-7F35-4EDA-A67C-49A6DAA7954B}.Debug|x86.ActiveCfg = Debug|Any CPU
		{7930A029-7F35-4EDA-A67C-49A6DAA7954B}.Debug|x86.Build.0 = Debug|Any CPU
		{7930A029-7F35-4EDA-A67C-49A6DAA7954B}.DebugInfo|Any CPU.ActiveCfg = Debug|Any CPU
		{7930A029-7F35-4EDA-A67C-49A6DAA7954B}.DebugInfo|Any CPU.Build.0 = Debug|Any CPU
		{7930A029-7F35-4EDA-A67C-49A6DAA7954B}.DebugInfo|x64.ActiveCfg = Debug|Any CPU
		{7930A029-7F35-4EDA-A67C-49A6DAA7954B}.DebugInfo|x64.Build.0 = Debug|Any CPU
		{7930A029-7F35-4EDA-A67C-49A6DAA7954B}.DebugInfo|x86.ActiveCfg = Debug|Any CPU
		{7930A029-7F35-4EDA-A67C-49A6DAA7954B}.DebugInfo|x86.Build.0 = Debug|Any CPU
		{7930A029-7F35-4EDA-A67C-49A6DAA7954B}.Release|Any CPU.ActiveCfg = Release|Any CPU
		{7930A029-7F35-4EDA-A67C-49A6DAA7954B}.Release|Any CPU.Build.0 = Release|Any CPU
		{7930A029-7F35-4EDA-A67C-49A6DAA7954B}.Release|x64.ActiveCfg = Release|Any CPU
		{7930A029-7F35-4EDA-A67C-49A6DAA7954B}.Release|x64.Build.0 = Release|Any CPU
		{7930A029-7F35-4EDA-A67C-49A6DAA7954B}.Release|x86.ActiveCfg = Release|Any CPU
		{7930A029-7F35-4EDA-A67C-49A6DAA7954B}.Release|x86.Build.0 = Release|Any CPU
		{1B5C2797-29E9-465E-9597-9F0EC2FD82FD}.Debug|Any CPU.ActiveCfg = Debug|Any CPU
		{1B5C2797-29E9-465E-9597-9F0EC2FD82FD}.Debug|Any CPU.Build.0 = Debug|Any CPU
		{1B5C2797-29E9-465E-9597-9F0EC2FD82FD}.Debug|x64.ActiveCfg = Debug|Any CPU
		{1B5C2797-29E9-465E-9597-9F0EC2FD82FD}.Debug|x64.Build.0 = Debug|Any CPU
		{1B5C2797-29E9-465E-9597-9F0EC2FD82FD}.Debug|x86.ActiveCfg = Debug|Any CPU
		{1B5C2797-29E9-465E-9597-9F0EC2FD82FD}.Debug|x86.Build.0 = Debug|Any CPU
		{1B5C2797-29E9-465E-9597-9F0EC2FD82FD}.DebugInfo|Any CPU.ActiveCfg = Debug|Any CPU
		{1B5C2797-29E9-465E-9597-9F0EC2FD82FD}.DebugInfo|Any CPU.Build.0 = Debug|Any CPU
		{1B5C2797-29E9-465E-9597-9F0EC2FD82FD}.DebugInfo|x64.ActiveCfg = Debug|Any CPU
		{1B5C2797-29E9-465E-9597-9F0EC2FD82FD}.DebugInfo|x64.Build.0 = Debug|Any CPU
		{1B5C2797-29E9-465E-9597-9F0EC2FD82FD}.DebugInfo|x86.ActiveCfg = Debug|Any CPU
		{1B5C2797-29E9-465E-9597-9F0EC2FD82FD}.DebugInfo|x86.Build.0 = Debug|Any CPU
		{1B5C2797-29E9-465E-9597-9F0EC2FD82FD}.Release|Any CPU.ActiveCfg = Release|Any CPU
		{1B5C2797-29E9-465E-9597-9F0EC2FD82FD}.Release|Any CPU.Build.0 = Release|Any CPU
		{1B5C2797-29E9-465E-9597-9F0EC2FD82FD}.Release|x64.ActiveCfg = Release|Any CPU
		{1B5C2797-29E9-465E-9597-9F0EC2FD82FD}.Release|x64.Build.0 = Release|Any CPU
		{1B5C2797-29E9-465E-9597-9F0EC2FD82FD}.Release|x86.ActiveCfg = Release|Any CPU
		{1B5C2797-29E9-465E-9597-9F0EC2FD82FD}.Release|x86.Build.0 = Release|Any CPU
		{920EED0B-2BE5-4915-A88B-2203DB9C43B4}.Debug|Any CPU.ActiveCfg = Debug|Any CPU
		{920EED0B-2BE5-4915-A88B-2203DB9C43B4}.Debug|Any CPU.Build.0 = Debug|Any CPU
		{920EED0B-2BE5-4915-A88B-2203DB9C43B4}.Debug|x64.ActiveCfg = Debug|Any CPU
		{920EED0B-2BE5-4915-A88B-2203DB9C43B4}.Debug|x64.Build.0 = Debug|Any CPU
		{920EED0B-2BE5-4915-A88B-2203DB9C43B4}.Debug|x86.ActiveCfg = Debug|Any CPU
		{920EED0B-2BE5-4915-A88B-2203DB9C43B4}.Debug|x86.Build.0 = Debug|Any CPU
		{920EED0B-2BE5-4915-A88B-2203DB9C43B4}.DebugInfo|Any CPU.ActiveCfg = Debug|Any CPU
		{920EED0B-2BE5-4915-A88B-2203DB9C43B4}.DebugInfo|Any CPU.Build.0 = Debug|Any CPU
		{920EED0B-2BE5-4915-A88B-2203DB9C43B4}.DebugInfo|x64.ActiveCfg = Debug|Any CPU
		{920EED0B-2BE5-4915-A88B-2203DB9C43B4}.DebugInfo|x64.Build.0 = Debug|Any CPU
		{920EED0B-2BE5-4915-A88B-2203DB9C43B4}.DebugInfo|x86.ActiveCfg = Debug|Any CPU
		{920EED0B-2BE5-4915-A88B-2203DB9C43B4}.DebugInfo|x86.Build.0 = Debug|Any CPU
		{920EED0B-2BE5-4915-A88B-2203DB9C43B4}.Release|Any CPU.ActiveCfg = Release|Any CPU
		{920EED0B-2BE5-4915-A88B-2203DB9C43B4}.Release|Any CPU.Build.0 = Release|Any CPU
		{920EED0B-2BE5-4915-A88B-2203DB9C43B4}.Release|x64.ActiveCfg = Release|Any CPU
		{920EED0B-2BE5-4915-A88B-2203DB9C43B4}.Release|x64.Build.0 = Release|Any CPU
		{920EED0B-2BE5-4915-A88B-2203DB9C43B4}.Release|x86.ActiveCfg = Release|Any CPU
		{920EED0B-2BE5-4915-A88B-2203DB9C43B4}.Release|x86.Build.0 = Release|Any CPU
		{3E6B6E3D-63DA-4EA7-BFC5-4D9815A2234A}.Debug|Any CPU.ActiveCfg = Debug|Any CPU
		{3E6B6E3D-63DA-4EA7-BFC5-4D9815A2234A}.Debug|Any CPU.Build.0 = Debug|Any CPU
		{3E6B6E3D-63DA-4EA7-BFC5-4D9815A2234A}.Debug|x64.ActiveCfg = Debug|Any CPU
		{3E6B6E3D-63DA-4EA7-BFC5-4D9815A2234A}.Debug|x64.Build.0 = Debug|Any CPU
		{3E6B6E3D-63DA-4EA7-BFC5-4D9815A2234A}.Debug|x86.ActiveCfg = Debug|Any CPU
		{3E6B6E3D-63DA-4EA7-BFC5-4D9815A2234A}.Debug|x86.Build.0 = Debug|Any CPU
		{3E6B6E3D-63DA-4EA7-BFC5-4D9815A2234A}.DebugInfo|Any CPU.ActiveCfg = Debug|Any CPU
		{3E6B6E3D-63DA-4EA7-BFC5-4D9815A2234A}.DebugInfo|Any CPU.Build.0 = Debug|Any CPU
		{3E6B6E3D-63DA-4EA7-BFC5-4D9815A2234A}.DebugInfo|x64.ActiveCfg = Debug|Any CPU
		{3E6B6E3D-63DA-4EA7-BFC5-4D9815A2234A}.DebugInfo|x64.Build.0 = Debug|Any CPU
		{3E6B6E3D-63DA-4EA7-BFC5-4D9815A2234A}.DebugInfo|x86.ActiveCfg = Debug|Any CPU
		{3E6B6E3D-63DA-4EA7-BFC5-4D9815A2234A}.DebugInfo|x86.Build.0 = Debug|Any CPU
		{3E6B6E3D-63DA-4EA7-BFC5-4D9815A2234A}.Release|Any CPU.ActiveCfg = Release|Any CPU
		{3E6B6E3D-63DA-4EA7-BFC5-4D9815A2234A}.Release|Any CPU.Build.0 = Release|Any CPU
		{3E6B6E3D-63DA-4EA7-BFC5-4D9815A2234A}.Release|x64.ActiveCfg = Release|Any CPU
		{3E6B6E3D-63DA-4EA7-BFC5-4D9815A2234A}.Release|x64.Build.0 = Release|Any CPU
		{3E6B6E3D-63DA-4EA7-BFC5-4D9815A2234A}.Release|x86.ActiveCfg = Release|Any CPU
		{3E6B6E3D-63DA-4EA7-BFC5-4D9815A2234A}.Release|x86.Build.0 = Release|Any CPU
	EndGlobalSection
	GlobalSection(SolutionProperties) = preSolution
		HideSolutionNode = FALSE
	EndGlobalSection
	GlobalSection(ExtensibilityGlobals) = postSolution
		SolutionGuid = {77649D10-FE54-4AE5-AA5A-6B907D2E26BD}
	EndGlobalSection
EndGlobal
